
Microsoft Visual Studio Solution File, Format Version 12.00
# Visual Studio Version 17
VisualStudioVersion = 17.11.35222.181
MinimumVisualStudioVersion = 10.0.40219.1
Project("{9A19103F-16F7-4668-BE54-9A1E7A4F7556}") = "ToDoProject.Model", "ToDoProject.Model\ToDoProject.Model.csproj", "{BC0AB841-9E80-4A4A-AE6A-2BC6D4F6E12B}"
EndProject
Project("{9A19103F-16F7-4668-BE54-9A1E7A4F7556}") = "ToDoProject.Repository", "ToDoProject.Repository\ToDoProject.Repository.csproj", "{79BB74BA-DA36-4DEF-84B7-33046A776FB7}"
EndProject
Project("{9A19103F-16F7-4668-BE54-9A1E7A4F7556}") = "ToDoProject.Service", "ToDoProject.Service\ToDoProject.Service.csproj", "{4D646D5A-58BF-432D-9879-C42C89142425}"
EndProject
Project("{9A19103F-16F7-4668-BE54-9A1E7A4F7556}") = "ToDoProjectt.WebApi", "ToDoProjectt.WebApi\ToDoProjectt.WebApi.csproj", "{9AD229B4-8EBE-4697-96DA-B2D819311437}"
EndProject
Project("{9A19103F-16F7-4668-BE54-9A1E7A4F7556}") = "Core", "Core\Core.csproj", "{4B97404C-6849-4518-8E08-ED75BFE9BFC5}"
EndProject
Project("{2150E333-8FDC-42A3-9474-1A3956D46DE8}") = "UnıtTest", "UnıtTest", "{43801AD9-E999-41A4-B8F6-8DDC7423F8E9}"
EndProject
Project("{9A19103F-16F7-4668-BE54-9A1E7A4F7556}") = "TodoUnıtTest.Service", "TodoUnıtTest.Service\TodoUnıtTest.Service.csproj", "{EA2B4DB9-46AD-44C3-B320-22DF1DAA2C00}"
EndProject
Project("{2150E333-8FDC-42A3-9474-1A3956D46DE8}") = "CategoryUnitTest", "CategoryUnitTest", "{37CAF4E5-02E6-4791-AA9C-F87D1C5F5DE6}"
EndProject
Global
	GlobalSection(SolutionConfigurationPlatforms) = preSolution
		Debug|Any CPU = Debug|Any CPU
		Release|Any CPU = Release|Any CPU
	EndGlobalSection
	GlobalSection(ProjectConfigurationPlatforms) = postSolution
		{BC0AB841-9E80-4A4A-AE6A-2BC6D4F6E12B}.Debug|Any CPU.ActiveCfg = Debug|Any CPU
		{BC0AB841-9E80-4A4A-AE6A-2BC6D4F6E12B}.Debug|Any CPU.Build.0 = Debug|Any CPU
		{BC0AB841-9E80-4A4A-AE6A-2BC6D4F6E12B}.Release|Any CPU.ActiveCfg = Release|Any CPU
		{BC0AB841-9E80-4A4A-AE6A-2BC6D4F6E12B}.Release|Any CPU.Build.0 = Release|Any CPU
		{79BB74BA-DA36-4DEF-84B7-33046A776FB7}.Debug|Any CPU.ActiveCfg = Debug|Any CPU
		{79BB74BA-DA36-4DEF-84B7-33046A776FB7}.Debug|Any CPU.Build.0 = Debug|Any CPU
		{79BB74BA-DA36-4DEF-84B7-33046A776FB7}.Release|Any CPU.ActiveCfg = Release|Any CPU
		{79BB74BA-DA36-4DEF-84B7-33046A776FB7}.Release|Any CPU.Build.0 = Release|Any CPU
		{4D646D5A-58BF-432D-9879-C42C89142425}.Debug|Any CPU.ActiveCfg = Debug|Any CPU
		{4D646D5A-58BF-432D-9879-C42C89142425}.Debug|Any CPU.Build.0 = Debug|Any CPU
		{4D646D5A-58BF-432D-9879-C42C89142425}.Release|Any CPU.ActiveCfg = Release|Any CPU
		{4D646D5A-58BF-432D-9879-C42C89142425}.Release|Any CPU.Build.0 = Release|Any CPU
		{9AD229B4-8EBE-4697-96DA-B2D819311437}.Debug|Any CPU.ActiveCfg = Debug|Any CPU
		{9AD229B4-8EBE-4697-96DA-B2D819311437}.Debug|Any CPU.Build.0 = Debug|Any CPU
		{9AD229B4-8EBE-4697-96DA-B2D819311437}.Release|Any CPU.ActiveCfg = Release|Any CPU
		{9AD229B4-8EBE-4697-96DA-B2D819311437}.Release|Any CPU.Build.0 = Release|Any CPU
		{4B97404C-6849-4518-8E08-ED75BFE9BFC5}.Debug|Any CPU.ActiveCfg = Debug|Any CPU
		{4B97404C-6849-4518-8E08-ED75BFE9BFC5}.Debug|Any CPU.Build.0 = Debug|Any CPU
		{4B97404C-6849-4518-8E08-ED75BFE9BFC5}.Release|Any CPU.ActiveCfg = Release|Any CPU
		{4B97404C-6849-4518-8E08-ED75BFE9BFC5}.Release|Any CPU.Build.0 = Release|Any CPU
		{EA2B4DB9-46AD-44C3-B320-22DF1DAA2C00}.Debug|Any CPU.ActiveCfg = Debug|Any CPU
		{EA2B4DB9-46AD-44C3-B320-22DF1DAA2C00}.Debug|Any CPU.Build.0 = Debug|Any CPU
		{EA2B4DB9-46AD-44C3-B320-22DF1DAA2C00}.Release|Any CPU.ActiveCfg = Release|Any CPU
		{EA2B4DB9-46AD-44C3-B320-22DF1DAA2C00}.Release|Any CPU.Build.0 = Release|Any CPU
	EndGlobalSection
	GlobalSection(SolutionProperties) = preSolution
		HideSolutionNode = FALSE
	EndGlobalSection
	GlobalSection(NestedProjects) = preSolution
		{EA2B4DB9-46AD-44C3-B320-22DF1DAA2C00} = {43801AD9-E999-41A4-B8F6-8DDC7423F8E9}
		{37CAF4E5-02E6-4791-AA9C-F87D1C5F5DE6} = {43801AD9-E999-41A4-B8F6-8DDC7423F8E9}
	EndGlobalSection
	GlobalSection(ExtensibilityGlobals) = postSolution
		SolutionGuid = {3056DF58-05B1-410E-8BA4-A87A25D3AC9D}
	EndGlobalSection
EndGlobal
